
Microsoft Visual Studio Solution File, Format Version 12.00
# Visual Studio Version 17
VisualStudioVersion = 17.0.31903.59
MinimumVisualStudioVersion = 10.0.40219.1
Project("{9A19103F-16F7-4668-BE54-9A1E7A4F7556}") = "HQ", "HQ\HQ.csproj", "{C10D1B2F-10A1-4603-AE3D-28D4AE8033FC}"
EndProject
Project("{9A19103F-16F7-4668-BE54-9A1E7A4F7556}") = "HQ.Auth", "HQ.Auth\HQ.Auth.csproj", "{DB30ADC4-033D-4789-A6A6-D96716D4AA2C}"
EndProject
Project("{9A19103F-16F7-4668-BE54-9A1E7A4F7556}") = "HQ.API", "HQ.API\HQ.API.csproj", "{605B4515-E3C8-4AE4-9AB0-129FCB7EBEE3}"
EndProject
Project("{9A19103F-16F7-4668-BE54-9A1E7A4F7556}") = "HQ.ConsoleTool", "HQ.ConsoleTool\HQ.ConsoleTool.csproj", "{874FE819-A328-4484-B36A-46D0CDD84059}"
EndProject
Project("{9A19103F-16F7-4668-BE54-9A1E7A4F7556}") = "HQ.Tests", "HQ.Tests\HQ.Tests.csproj", "{EBC9C589-9AEF-4AC4-AC94-23F629E78D71}"
EndProject
Project("{2150E333-8FDC-42A3-9474-1A3956D46DE8}") = "Solution Items", "Solution Items", "{0958CE69-ABD0-4301-A132-56FF6E22745D}"
	ProjectSection(SolutionItems) = preProject
		.config\dotnet-tools.json = .config\dotnet-tools.json
	EndProjectSection
EndProject
Global
	GlobalSection(SolutionConfigurationPlatforms) = preSolution
		Debug|Any CPU = Debug|Any CPU
		Release|Any CPU = Release|Any CPU
	EndGlobalSection
	GlobalSection(ProjectConfigurationPlatforms) = postSolution
		{C10D1B2F-10A1-4603-AE3D-28D4AE8033FC}.Debug|Any CPU.ActiveCfg = Debug|Any CPU
		{C10D1B2F-10A1-4603-AE3D-28D4AE8033FC}.Debug|Any CPU.Build.0 = Debug|Any CPU
		{C10D1B2F-10A1-4603-AE3D-28D4AE8033FC}.Release|Any CPU.ActiveCfg = Release|Any CPU
		{C10D1B2F-10A1-4603-AE3D-28D4AE8033FC}.Release|Any CPU.Build.0 = Release|Any CPU
		{DB30ADC4-033D-4789-A6A6-D96716D4AA2C}.Debug|Any CPU.ActiveCfg = Debug|Any CPU
		{DB30ADC4-033D-4789-A6A6-D96716D4AA2C}.Debug|Any CPU.Build.0 = Debug|Any CPU
		{DB30ADC4-033D-4789-A6A6-D96716D4AA2C}.Release|Any CPU.ActiveCfg = Release|Any CPU
		{DB30ADC4-033D-4789-A6A6-D96716D4AA2C}.Release|Any CPU.Build.0 = Release|Any CPU
		{605B4515-E3C8-4AE4-9AB0-129FCB7EBEE3}.Debug|Any CPU.ActiveCfg = Debug|Any CPU
		{605B4515-E3C8-4AE4-9AB0-129FCB7EBEE3}.Debug|Any CPU.Build.0 = Debug|Any CPU
		{605B4515-E3C8-4AE4-9AB0-129FCB7EBEE3}.Release|Any CPU.ActiveCfg = Release|Any CPU
		{605B4515-E3C8-4AE4-9AB0-129FCB7EBEE3}.Release|Any CPU.Build.0 = Release|Any CPU
		{874FE819-A328-4484-B36A-46D0CDD84059}.Debug|Any CPU.ActiveCfg = Debug|Any CPU
		{874FE819-A328-4484-B36A-46D0CDD84059}.Debug|Any CPU.Build.0 = Debug|Any CPU
		{874FE819-A328-4484-B36A-46D0CDD84059}.Release|Any CPU.ActiveCfg = Release|Any CPU
		{874FE819-A328-4484-B36A-46D0CDD84059}.Release|Any CPU.Build.0 = Release|Any CPU
		{EBC9C589-9AEF-4AC4-AC94-23F629E78D71}.Debug|Any CPU.ActiveCfg = Debug|Any CPU
		{EBC9C589-9AEF-4AC4-AC94-23F629E78D71}.Debug|Any CPU.Build.0 = Debug|Any CPU
		{EBC9C589-9AEF-4AC4-AC94-23F629E78D71}.Release|Any CPU.ActiveCfg = Release|Any CPU
		{EBC9C589-9AEF-4AC4-AC94-23F629E78D71}.Release|Any CPU.Build.0 = Release|Any CPU
	EndGlobalSection
	GlobalSection(SolutionProperties) = preSolution
		HideSolutionNode = FALSE
	EndGlobalSection
EndGlobal
