
Microsoft Visual Studio Solution File, Format Version 12.00
# Visual Studio Version 17
VisualStudioVersion = 17.0.31903.59
MinimumVisualStudioVersion = 10.0.40219.1
Project("{9A19103F-16F7-4668-BE54-9A1E7A4F7556}") = "HQ.Tests", "HQ.Tests\HQ.Tests.csproj", "{EBC9C589-9AEF-4AC4-AC94-23F629E78D71}"
EndProject
Project("{2150E333-8FDC-42A3-9474-1A3956D46DE8}") = "Solution Items", "Solution Items", "{0958CE69-ABD0-4301-A132-56FF6E22745D}"
	ProjectSection(SolutionItems) = preProject
		.config\dotnet-tools.json = .config\dotnet-tools.json
	EndProjectSection
EndProject
Project("{9A19103F-16F7-4668-BE54-9A1E7A4F7556}") = "HQ.Server", "HQ.Server\HQ.Server.csproj", "{BAFE81CE-8BE4-405E-AF91-827AB2A7F968}"
EndProject
Project("{9A19103F-16F7-4668-BE54-9A1E7A4F7556}") = "HQ.CLI", "HQ.CLI\HQ.CLI.csproj", "{F3807435-B048-494E-8EF5-B8E71060FBFB}"
EndProject
Project("{FAE04EC0-301F-11D3-BF4B-00C04F79EFBC}") = "HQ.SDK", "HQ.SDK\HQ.SDK.csproj", "{8BE654C4-9AAC-499D-BDAC-33A99A1CC089}"
EndProject
Global
	GlobalSection(SolutionConfigurationPlatforms) = preSolution
		Debug|Any CPU = Debug|Any CPU
		Release|Any CPU = Release|Any CPU
	EndGlobalSection
	GlobalSection(ProjectConfigurationPlatforms) = postSolution
		{EBC9C589-9AEF-4AC4-AC94-23F629E78D71}.Debug|Any CPU.ActiveCfg = Debug|Any CPU
		{EBC9C589-9AEF-4AC4-AC94-23F629E78D71}.Debug|Any CPU.Build.0 = Debug|Any CPU
		{EBC9C589-9AEF-4AC4-AC94-23F629E78D71}.Release|Any CPU.ActiveCfg = Release|Any CPU
		{EBC9C589-9AEF-4AC4-AC94-23F629E78D71}.Release|Any CPU.Build.0 = Release|Any CPU
		{BAFE81CE-8BE4-405E-AF91-827AB2A7F968}.Debug|Any CPU.ActiveCfg = Debug|Any CPU
		{BAFE81CE-8BE4-405E-AF91-827AB2A7F968}.Debug|Any CPU.Build.0 = Debug|Any CPU
		{BAFE81CE-8BE4-405E-AF91-827AB2A7F968}.Release|Any CPU.ActiveCfg = Release|Any CPU
		{BAFE81CE-8BE4-405E-AF91-827AB2A7F968}.Release|Any CPU.Build.0 = Release|Any CPU
		{F3807435-B048-494E-8EF5-B8E71060FBFB}.Debug|Any CPU.ActiveCfg = Debug|Any CPU
		{F3807435-B048-494E-8EF5-B8E71060FBFB}.Debug|Any CPU.Build.0 = Debug|Any CPU
		{F3807435-B048-494E-8EF5-B8E71060FBFB}.Release|Any CPU.ActiveCfg = Release|Any CPU
		{F3807435-B048-494E-8EF5-B8E71060FBFB}.Release|Any CPU.Build.0 = Release|Any CPU
		{8BE654C4-9AAC-499D-BDAC-33A99A1CC089}.Debug|Any CPU.ActiveCfg = Debug|Any CPU
		{8BE654C4-9AAC-499D-BDAC-33A99A1CC089}.Debug|Any CPU.Build.0 = Debug|Any CPU
		{8BE654C4-9AAC-499D-BDAC-33A99A1CC089}.Release|Any CPU.ActiveCfg = Release|Any CPU
		{8BE654C4-9AAC-499D-BDAC-33A99A1CC089}.Release|Any CPU.Build.0 = Release|Any CPU
	EndGlobalSection
	GlobalSection(SolutionProperties) = preSolution
		HideSolutionNode = FALSE
	EndGlobalSection
	GlobalSection(ExtensibilityGlobals) = postSolution
		SolutionGuid = {5F0CEE74-769C-4858-A61B-99AED7968828}
	EndGlobalSection
EndGlobal
